
Microsoft Visual Studio Solution File, Format Version 12.00
# Visual Studio Version 16
VisualStudioVersion = 16.0.810.21
MinimumVisualStudioVersion = 10.0.40219.1
Project("{FAE04EC0-301F-11D3-BF4B-00C04F79EFBC}") = "SquidMeet", "SquidMeet\SquidMeet.csproj", "{21F0D5A7-9D11-401C-A227-BC6B9479E7C1}"
EndProject
Global
	GlobalSection(SolutionConfigurationPlatforms) = preSolution
		Debug|Any CPU = Debug|Any CPU
		Release|Any CPU = Release|Any CPU
	EndGlobalSection
	GlobalSection(ProjectConfigurationPlatforms) = postSolution
		{21F0D5A7-9D11-401C-A227-BC6B9479E7C1}.Debug|Any CPU.ActiveCfg = Debug|Any CPU
		{21F0D5A7-9D11-401C-A227-BC6B9479E7C1}.Debug|Any CPU.Build.0 = Debug|Any CPU
		{21F0D5A7-9D11-401C-A227-BC6B9479E7C1}.Release|Any CPU.ActiveCfg = Release|Any CPU
		{21F0D5A7-9D11-401C-A227-BC6B9479E7C1}.Release|Any CPU.Build.0 = Release|Any CPU
	EndGlobalSection
	GlobalSection(SolutionProperties) = preSolution
		HideSolutionNode = FALSE
	EndGlobalSection
	GlobalSection(ExtensibilityGlobals) = postSolution
		SolutionGuid = {5B9F4237-E6FA-457E-9748-66055C3E2EDA}
	EndGlobalSection
EndGlobal
